// !$*UTF8*$!
{
	archiveVersion = 1;
	classes = {
	};
	objectVersion = 46;
	objects = {

/* Begin PBXBuildFile section */
		743B85261E9CCB4200B1A150 /* PostViewController.swift in Sources */ = {isa = PBXBuildFile; fileRef = 743B85251E9CCB4200B1A150 /* PostViewController.swift */; };
		743B85281E9E117B00B1A150 /* UpLoadFileVC.swift in Sources */ = {isa = PBXBuildFile; fileRef = 743B85271E9E117B00B1A150 /* UpLoadFileVC.swift */; };
		743B852A1E9E12F800B1A150 /* upimgfile.png in Resources */ = {isa = PBXBuildFile; fileRef = 743B85291E9E12F800B1A150 /* upimgfile.png */; };
		743B852C1E9F868900B1A150 /* UpLoadManager.swift in Sources */ = {isa = PBXBuildFile; fileRef = 743B852B1E9F868800B1A150 /* UpLoadManager.swift */; };
		743B85531EA5F0A000B1A150 /* JsonObjectChecker.swift in Sources */ = {isa = PBXBuildFile; fileRef = 743B85521EA5F0A000B1A150 /* JsonObjectChecker.swift */; };
		743B85541EA5F6BE00B1A150 /* CSRequest.swift in Sources */ = {isa = PBXBuildFile; fileRef = 743B852D1EA0A4A600B1A150 /* CSRequest.swift */; };
		743B85621EA607D200B1A150 /* CCJsonObjectChecker.m in Sources */ = {isa = PBXBuildFile; fileRef = 743B85611EA607D200B1A150 /* CCJsonObjectChecker.m */; };
		74FDC5D01E655E7E00EBDF55 /* AppDelegate.swift in Sources */ = {isa = PBXBuildFile; fileRef = 74FDC5CF1E655E7E00EBDF55 /* AppDelegate.swift */; };
		74FDC5D21E655E7E00EBDF55 /* ViewController.swift in Sources */ = {isa = PBXBuildFile; fileRef = 74FDC5D11E655E7E00EBDF55 /* ViewController.swift */; };
		74FDC5D51E655E7E00EBDF55 /* Main.storyboard in Resources */ = {isa = PBXBuildFile; fileRef = 74FDC5D31E655E7E00EBDF55 /* Main.storyboard */; };
		74FDC5D71E655E7E00EBDF55 /* Assets.xcassets in Resources */ = {isa = PBXBuildFile; fileRef = 74FDC5D61E655E7E00EBDF55 /* Assets.xcassets */; };
		74FDC5DA1E655E7E00EBDF55 /* LaunchScreen.storyboard in Resources */ = {isa = PBXBuildFile; fileRef = 74FDC5D81E655E7E00EBDF55 /* LaunchScreen.storyboard */; };
/* End PBXBuildFile section */

/* Begin PBXFileReference section */
		743B85251E9CCB4200B1A150 /* PostViewController.swift */ = {isa = PBXFileReference; fileEncoding = 4; lastKnownFileType = sourcecode.swift; path = PostViewController.swift; sourceTree = "<group>"; };
		743B85271E9E117B00B1A150 /* UpLoadFileVC.swift */ = {isa = PBXFileReference; fileEncoding = 4; lastKnownFileType = sourcecode.swift; path = UpLoadFileVC.swift; sourceTree = "<group>"; };
		743B85291E9E12F800B1A150 /* upimgfile.png */ = {isa = PBXFileReference; lastKnownFileType = image.png; path = upimgfile.png; sourceTree = "<group>"; };
		743B852B1E9F868800B1A150 /* UpLoadManager.swift */ = {isa = PBXFileReference; fileEncoding = 4; lastKnownFileType = sourcecode.swift; path = UpLoadManager.swift; sourceTree = "<group>"; };
		743B852D1EA0A4A600B1A150 /* CSRequest.swift */ = {isa = PBXFileReference; fileEncoding = 4; lastKnownFileType = sourcecode.swift; path = CSRequest.swift; sourceTree = "<group>"; };
		743B85521EA5F0A000B1A150 /* JsonObjectChecker.swift */ = {isa = PBXFileReference; fileEncoding = 4; lastKnownFileType = sourcecode.swift; path = JsonObjectChecker.swift; sourceTree = "<group>"; };
		743B85601EA607D200B1A150 /* CCJsonObjectChecker.h */ = {isa = PBXFileReference; fileEncoding = 4; lastKnownFileType = sourcecode.c.h; path = CCJsonObjectChecker.h; sourceTree = "<group>"; };
		743B85611EA607D200B1A150 /* CCJsonObjectChecker.m */ = {isa = PBXFileReference; fileEncoding = 4; lastKnownFileType = sourcecode.c.objc; path = CCJsonObjectChecker.m; sourceTree = "<group>"; };
		74FDC5CC1E655E7E00EBDF55 /* FirstSwiftApp.app */ = {isa = PBXFileReference; explicitFileType = wrapper.application; includeInIndex = 0; path = FirstSwiftApp.app; sourceTree = BUILT_PRODUCTS_DIR; };
		74FDC5CF1E655E7E00EBDF55 /* AppDelegate.swift */ = {isa = PBXFileReference; lastKnownFileType = sourcecode.swift; path = AppDelegate.swift; sourceTree = "<group>"; };
		74FDC5D11E655E7E00EBDF55 /* ViewController.swift */ = {isa = PBXFileReference; lastKnownFileType = sourcecode.swift; path = ViewController.swift; sourceTree = "<group>"; };
		74FDC5D41E655E7E00EBDF55 /* Base */ = {isa = PBXFileReference; lastKnownFileType = file.storyboard; name = Base; path = Base.lproj/Main.storyboard; sourceTree = "<group>"; };
		74FDC5D61E655E7E00EBDF55 /* Assets.xcassets */ = {isa = PBXFileReference; lastKnownFileType = folder.assetcatalog; path = Assets.xcassets; sourceTree = "<group>"; };
		74FDC5D91E655E7E00EBDF55 /* Base */ = {isa = PBXFileReference; lastKnownFileType = file.storyboard; name = Base; path = Base.lproj/LaunchScreen.storyboard; sourceTree = "<group>"; };
		74FDC5DB1E655E7E00EBDF55 /* Info.plist */ = {isa = PBXFileReference; lastKnownFileType = text.plist.xml; path = Info.plist; sourceTree = "<group>"; };
/* End PBXFileReference section */

/* Begin PBXFrameworksBuildPhase section */
		74FDC5C91E655E7E00EBDF55 /* Frameworks */ = {
			isa = PBXFrameworksBuildPhase;
			buildActionMask = 2147483647;
			files = (
			);
			runOnlyForDeploymentPostprocessing = 0;
		};
/* End PBXFrameworksBuildPhase section */

/* Begin PBXGroup section */
		743B855D1EA6076D00B1A150 /* other */ = {
			isa = PBXGroup;
			children = (
				74FDC5D31E655E7E00EBDF55 /* Main.storyboard */,
				74FDC5D61E655E7E00EBDF55 /* Assets.xcassets */,
				74FDC5D81E655E7E00EBDF55 /* LaunchScreen.storyboard */,
				74FDC5DB1E655E7E00EBDF55 /* Info.plist */,
				74FDC5CD1E655E7E00EBDF55 /* Products */,
			);
			name = other;
			sourceTree = "<group>";
		};
		743B855E1EA6078600B1A150 /* network */ = {
			isa = PBXGroup;
			children = (
				743B85521EA5F0A000B1A150 /* JsonObjectChecker.swift */,
				743B852D1EA0A4A600B1A150 /* CSRequest.swift */,
				743B85291E9E12F800B1A150 /* upimgfile.png */,
				743B85271E9E117B00B1A150 /* UpLoadFileVC.swift */,
				743B852B1E9F868800B1A150 /* UpLoadManager.swift */,
			);
			name = network;
			sourceTree = "<group>";
		};
		743B855F1EA607D200B1A150 /* OC */ = {
			isa = PBXGroup;
			children = (
				743B85601EA607D200B1A150 /* CCJsonObjectChecker.h */,
				743B85611EA607D200B1A150 /* CCJsonObjectChecker.m */,
			);
			path = OC;
			sourceTree = "<group>";
		};
		74FDC5C31E655E7E00EBDF55 = {
			isa = PBXGroup;
			children = (
				74FDC5CE1E655E7E00EBDF55 /* FirstSwiftApp */,
			);
			sourceTree = "<group>";
		};
		74FDC5CD1E655E7E00EBDF55 /* Products */ = {
			isa = PBXGroup;
			children = (
				74FDC5CC1E655E7E00EBDF55 /* FirstSwiftApp.app */,
			);
			name = Products;
			path = ..;
			sourceTree = "<group>";
		};
		74FDC5CE1E655E7E00EBDF55 /* FirstSwiftApp */ = {
			isa = PBXGroup;
			children = (
				743B855F1EA607D200B1A150 /* OC */,
				743B855E1EA6078600B1A150 /* network */,
				743B855D1EA6076D00B1A150 /* other */,
				74FDC5CF1E655E7E00EBDF55 /* AppDelegate.swift */,
				74FDC5D11E655E7E00EBDF55 /* ViewController.swift */,
				743B85251E9CCB4200B1A150 /* PostViewController.swift */,
			);
			path = FirstSwiftApp;
			sourceTree = "<group>";
		};
/* End PBXGroup section */

/* Begin PBXNativeTarget section */
		74FDC5CB1E655E7E00EBDF55 /* FirstSwiftApp */ = {
			isa = PBXNativeTarget;
			buildConfigurationList = 74FDC5DE1E655E7E00EBDF55 /* Build configuration list for PBXNativeTarget "FirstSwiftApp" */;
			buildPhases = (
				74FDC5C81E655E7E00EBDF55 /* Sources */,
				74FDC5C91E655E7E00EBDF55 /* Frameworks */,
				74FDC5CA1E655E7E00EBDF55 /* Resources */,
			);
			buildRules = (
			);
			dependencies = (
			);
			name = FirstSwiftApp;
			productName = FirstSwiftApp;
			productReference = 74FDC5CC1E655E7E00EBDF55 /* FirstSwiftApp.app */;
			productType = "com.apple.product-type.application";
		};
/* End PBXNativeTarget section */

/* Begin PBXProject section */
		74FDC5C41E655E7E00EBDF55 /* Project object */ = {
			isa = PBXProject;
			attributes = {
				LastSwiftUpdateCheck = 0820;
				LastUpgradeCheck = 0820;
				ORGANIZATIONNAME = chenly;
				TargetAttributes = {
					74FDC5CB1E655E7E00EBDF55 = {
						CreatedOnToolsVersion = 8.2.1;
						DevelopmentTeam = K9HP86W94X;
						LastSwiftMigration = 0820;
						ProvisioningStyle = Automatic;
					};
				};
			};
			buildConfigurationList = 74FDC5C71E655E7E00EBDF55 /* Build configuration list for PBXProject "FirstSwiftApp" */;
			compatibilityVersion = "Xcode 3.2";
			developmentRegion = English;
			hasScannedForEncodings = 0;
			knownRegions = (
				en,
				Base,
			);
			mainGroup = 74FDC5C31E655E7E00EBDF55;
			productRefGroup = 74FDC5CD1E655E7E00EBDF55 /* Products */;
			projectDirPath = "";
			projectRoot = "";
			targets = (
				74FDC5CB1E655E7E00EBDF55 /* FirstSwiftApp */,
			);
		};
/* End PBXProject section */

/* Begin PBXResourcesBuildPhase section */
		74FDC5CA1E655E7E00EBDF55 /* Resources */ = {
			isa = PBXResourcesBuildPhase;
			buildActionMask = 2147483647;
			files = (
				74FDC5DA1E655E7E00EBDF55 /* LaunchScreen.storyboard in Resources */,
				74FDC5D71E655E7E00EBDF55 /* Assets.xcassets in Resources */,
				743B852A1E9E12F800B1A150 /* upimgfile.png in Resources */,
				74FDC5D51E655E7E00EBDF55 /* Main.storyboard in Resources */,
			);
			runOnlyForDeploymentPostprocessing = 0;
		};
/* End PBXResourcesBuildPhase section */

/* Begin PBXSourcesBuildPhase section */
		74FDC5C81E655E7E00EBDF55 /* Sources */ = {
			isa = PBXSourcesBuildPhase;
			buildActionMask = 2147483647;
			files = (
				743B85541EA5F6BE00B1A150 /* CSRequest.swift in Sources */,
				743B852C1E9F868900B1A150 /* UpLoadManager.swift in Sources */,
				743B85261E9CCB4200B1A150 /* PostViewController.swift in Sources */,
				743B85281E9E117B00B1A150 /* UpLoadFileVC.swift in Sources */,
				743B85621EA607D200B1A150 /* CCJsonObjectChecker.m in Sources */,
				74FDC5D21E655E7E00EBDF55 /* ViewController.swift in Sources */,
				743B85531EA5F0A000B1A150 /* JsonObjectChecker.swift in Sources */,
				74FDC5D01E655E7E00EBDF55 /* AppDelegate.swift in Sources */,
			);
			runOnlyForDeploymentPostprocessing = 0;
		};
/* End PBXSourcesBuildPhase section */

/* Begin PBXVariantGroup section */
		74FDC5D31E655E7E00EBDF55 /* Main.storyboard */ = {
			isa = PBXVariantGroup;
			children = (
				74FDC5D41E655E7E00EBDF55 /* Base */,
			);
			name = Main.storyboard;
			sourceTree = "<group>";
		};
		74FDC5D81E655E7E00EBDF55 /* LaunchScreen.storyboard */ = {
			isa = PBXVariantGroup;
			children = (
				74FDC5D91E655E7E00EBDF55 /* Base */,
			);
			name = LaunchScreen.storyboard;
			sourceTree = "<group>";
		};
/* End PBXVariantGroup section */

/* Begin XCBuildConfiguration section */
		74FDC5DC1E655E7E00EBDF55 /* Debug */ = {
			isa = XCBuildConfiguration;
			buildSettings = {
				ALWAYS_SEARCH_USER_PATHS = NO;
				CLANG_ANALYZER_NONNULL = YES;
				CLANG_CXX_LANGUAGE_STANDARD = "gnu++0x";
				CLANG_CXX_LIBRARY = "libc++";
				CLANG_ENABLE_MODULES = YES;
				CLANG_ENABLE_OBJC_ARC = YES;
				CLANG_WARN_BOOL_CONVERSION = YES;
				CLANG_WARN_CONSTANT_CONVERSION = YES;
				CLANG_WARN_DIRECT_OBJC_ISA_USAGE = YES_ERROR;
				CLANG_WARN_DOCUMENTATION_COMMENTS = YES;
				CLANG_WARN_EMPTY_BODY = YES;
				CLANG_WARN_ENUM_CONVERSION = YES;
				CLANG_WARN_INFINITE_RECURSION = YES;
				CLANG_WARN_INT_CONVERSION = YES;
				CLANG_WARN_OBJC_ROOT_CLASS = YES_ERROR;
				CLANG_WARN_SUSPICIOUS_MOVE = YES;
				CLANG_WARN_UNREACHABLE_CODE = YES;
				CLANG_WARN__DUPLICATE_METHOD_MATCH = YES;
				"CODE_SIGN_IDENTITY[sdk=iphoneos*]" = "iPhone Developer";
				COPY_PHASE_STRIP = NO;
				DEBUG_INFORMATION_FORMAT = dwarf;
				ENABLE_STRICT_OBJC_MSGSEND = YES;
				ENABLE_TESTABILITY = YES;
				GCC_C_LANGUAGE_STANDARD = gnu99;
				GCC_DYNAMIC_NO_PIC = NO;
				GCC_NO_COMMON_BLOCKS = YES;
				GCC_OPTIMIZATION_LEVEL = 0;
				GCC_PREPROCESSOR_DEFINITIONS = (
					"DEBUG=1",
					"$(inherited)",
				);
				GCC_WARN_64_TO_32_BIT_CONVERSION = YES;
				GCC_WARN_ABOUT_RETURN_TYPE = YES_ERROR;
				GCC_WARN_UNDECLARED_SELECTOR = YES;
				GCC_WARN_UNINITIALIZED_AUTOS = YES_AGGRESSIVE;
				GCC_WARN_UNUSED_FUNCTION = YES;
				GCC_WARN_UNUSED_VARIABLE = YES;
				IPHONEOS_DEPLOYMENT_TARGET = 10.2;
				MTL_ENABLE_DEBUG_INFO = YES;
				ONLY_ACTIVE_ARCH = YES;
				SDKROOT = iphoneos;
				SWIFT_ACTIVE_COMPILATION_CONDITIONS = DEBUG;
				SWIFT_OPTIMIZATION_LEVEL = "-Onone";
			};
			name = Debug;
		};
		74FDC5DD1E655E7E00EBDF55 /* Release */ = {
			isa = XCBuildConfiguration;
			buildSettings = {
				ALWAYS_SEARCH_USER_PATHS = NO;
				CLANG_ANALYZER_NONNULL = YES;
				CLANG_CXX_LANGUAGE_STANDARD = "gnu++0x";
				CLANG_CXX_LIBRARY = "libc++";
				CLANG_ENABLE_MODULES = YES;
				CLANG_ENABLE_OBJC_ARC = YES;
				CLANG_WARN_BOOL_CONVERSION = YES;
				CLANG_WARN_CONSTANT_CONVERSION = YES;
				CLANG_WARN_DIRECT_OBJC_ISA_USAGE = YES_ERROR;
				CLANG_WARN_DOCUMENTATION_COMMENTS = YES;
				CLANG_WARN_EMPTY_BODY = YES;
				CLANG_WARN_ENUM_CONVERSION = YES;
				CLANG_WARN_INFINITE_RECURSION = YES;
				CLANG_WARN_INT_CONVERSION = YES;
				CLANG_WARN_OBJC_ROOT_CLASS = YES_ERROR;
				CLANG_WARN_SUSPICIOUS_MOVE = YES;
				CLANG_WARN_UNREACHABLE_CODE = YES;
				CLANG_WARN__DUPLICATE_METHOD_MATCH = YES;
				"CODE_SIGN_IDENTITY[sdk=iphoneos*]" = "iPhone Developer";
				COPY_PHASE_STRIP = NO;
				DEBUG_INFORMATION_FORMAT = "dwarf-with-dsym";
				ENABLE_NS_ASSERTIONS = NO;
				ENABLE_STRICT_OBJC_MSGSEND = YES;
				GCC_C_LANGUAGE_STANDARD = gnu99;
				GCC_NO_COMMON_BLOCKS = YES;
				GCC_WARN_64_TO_32_BIT_CONVERSION = YES;
				GCC_WARN_ABOUT_RETURN_TYPE = YES_ERROR;
				GCC_WARN_UNDECLARED_SELECTOR = YES;
				GCC_WARN_UNINITIALIZED_AUTOS = YES_AGGRESSIVE;
				GCC_WARN_UNUSED_FUNCTION = YES;
				GCC_WARN_UNUSED_VARIABLE = YES;
				IPHONEOS_DEPLOYMENT_TARGET = 10.2;
				MTL_ENABLE_DEBUG_INFO = NO;
				SDKROOT = iphoneos;
				SWIFT_OPTIMIZATION_LEVEL = "-Owholemodule";
				VALIDATE_PRODUCT = YES;
			};
			name = Release;
		};
		74FDC5DF1E655E7E00EBDF55 /* Debug */ = {
			isa = XCBuildConfiguration;
			buildSettings = {
				ASSETCATALOG_COMPILER_APPICON_NAME = AppIcon;
				CLANG_ENABLE_MODULES = YES;
				DEVELOPMENT_TEAM = K9HP86W94X;
				INFOPLIST_FILE = FirstSwiftApp/Info.plist;
				LD_RUNPATH_SEARCH_PATHS = "$(inherited) @executable_path/Frameworks";
				PRODUCT_BUNDLE_IDENTIFIER = com.chenly.FirstSwiftApp;
				PRODUCT_NAME = "$(TARGET_NAME)";
				SWIFT_OBJC_BRIDGING_HEADER = "";
				SWIFT_OPTIMIZATION_LEVEL = "-Onone";
				SWIFT_VERSION = 3.0;
			};
			name = Debug;
		};
		74FDC5E01E655E7E00EBDF55 /* Release */ = {
			isa = XCBuildConfiguration;
			buildSettings = {
				ASSETCATALOG_COMPILER_APPICON_NAME = AppIcon;
				CLANG_ENABLE_MODULES = YES;
				DEVELOPMENT_TEAM = K9HP86W94X;
				INFOPLIST_FILE = FirstSwiftApp/Info.plist;
				LD_RUNPATH_SEARCH_PATHS = "$(inherited) @executable_path/Frameworks";
				PRODUCT_BUNDLE_IDENTIFIER = com.chenly.FirstSwiftApp;
				PRODUCT_NAME = "$(TARGET_NAME)";
				SWIFT_OBJC_BRIDGING_HEADER = "";
				SWIFT_VERSION = 3.0;
			};
			name = Release;
		};
/* End XCBuildConfiguration section */

/* Begin XCConfigurationList section */
		74FDC5C71E655E7E00EBDF55 /* Build configuration list for PBXProject "FirstSwiftApp" */ = {
			isa = XCConfigurationList;
			buildConfigurations = (
				74FDC5DC1E655E7E00EBDF55 /* Debug */,
				74FDC5DD1E655E7E00EBDF55 /* Release */,
			);
			defaultConfigurationIsVisible = 0;
			defaultConfigurationName = Release;
		};
		74FDC5DE1E655E7E00EBDF55 /* Build configuration list for PBXNativeTarget "FirstSwiftApp" */ = {
			isa = XCConfigurationList;
			buildConfigurations = (
				74FDC5DF1E655E7E00EBDF55 /* Debug */,
				74FDC5E01E655E7E00EBDF55 /* Release */,
			);
			defaultConfigurationIsVisible = 0;
			defaultConfigurationName = Release;
		};
/* End XCConfigurationList section */
	};
	rootObject = 74FDC5C41E655E7E00EBDF55 /* Project object */;
}
